
Microsoft Visual Studio Solution File, Format Version 12.00
# Visual Studio Version 17
VisualStudioVersion = 17.6.33815.320
MinimumVisualStudioVersion = 10.0.40219.1
Project("{FAE04EC0-301F-11D3-BF4B-00C04F79EFBC}") = "WebAPI-Cilent", "WebAPI-Cilent\WebAPI-Cilent.csproj", "{942DE03F-6962-4011-9BDA-0C68AC982603}"
EndProject
Global
	GlobalSection(SolutionConfigurationPlatforms) = preSolution
		Debug|Any CPU = Debug|Any CPU
		Release|Any CPU = Release|Any CPU
	EndGlobalSection
	GlobalSection(ProjectConfigurationPlatforms) = postSolution
		{942DE03F-6962-4011-9BDA-0C68AC982603}.Debug|Any CPU.ActiveCfg = Debug|Any CPU
		{942DE03F-6962-4011-9BDA-0C68AC982603}.Debug|Any CPU.Build.0 = Debug|Any CPU
		{942DE03F-6962-4011-9BDA-0C68AC982603}.Release|Any CPU.ActiveCfg = Release|Any CPU
		{942DE03F-6962-4011-9BDA-0C68AC982603}.Release|Any CPU.Build.0 = Release|Any CPU
	EndGlobalSection
	GlobalSection(SolutionProperties) = preSolution
		HideSolutionNode = FALSE
	EndGlobalSection
	GlobalSection(ExtensibilityGlobals) = postSolution
		SolutionGuid = {E76A70B4-577F-4819-A942-8B565C6F4174}
	EndGlobalSection
EndGlobal
